// !$*UTF8*$!
{
	archiveVersion = 1;
	classes = {
	};
	objectVersion = 50;
	objects = {

/* Begin PBXBuildFile section */
		ACFCBD052568B0C7008B0B28 /* AppDelegate.swift in Sources */ = {isa = PBXBuildFile; fileRef = ACFCBD042568B0C7008B0B28 /* AppDelegate.swift */; };
		ACFCBD072568B0C7008B0B28 /* SceneDelegate.swift in Sources */ = {isa = PBXBuildFile; fileRef = ACFCBD062568B0C7008B0B28 /* SceneDelegate.swift */; };
		ACFCBD092568B0C7008B0B28 /* ViewController.swift in Sources */ = {isa = PBXBuildFile; fileRef = ACFCBD082568B0C7008B0B28 /* ViewController.swift */; };
		ACFCBD0C2568B0C7008B0B28 /* Main.storyboard in Resources */ = {isa = PBXBuildFile; fileRef = ACFCBD0A2568B0C7008B0B28 /* Main.storyboard */; };
		ACFCBD0E2568B0C8008B0B28 /* Assets.xcassets in Resources */ = {isa = PBXBuildFile; fileRef = ACFCBD0D2568B0C8008B0B28 /* Assets.xcassets */; };
		ACFCBD112568B0C8008B0B28 /* LaunchScreen.storyboard in Resources */ = {isa = PBXBuildFile; fileRef = ACFCBD0F2568B0C8008B0B28 /* LaunchScreen.storyboard */; };
/* End PBXBuildFile section */

/* Begin PBXFileReference section */
		ACFCBD012568B0C7008B0B28 /* a211VCLife.app */ = {isa = PBXFileReference; explicitFileType = wrapper.application; includeInIndex = 0; path = a211VCLife.app; sourceTree = BUILT_PRODUCTS_DIR; };
		ACFCBD042568B0C7008B0B28 /* AppDelegate.swift */ = {isa = PBXFileReference; lastKnownFileType = sourcecode.swift; path = AppDelegate.swift; sourceTree = "<group>"; };
		ACFCBD062568B0C7008B0B28 /* SceneDelegate.swift */ = {isa = PBXFileReference; lastKnownFileType = sourcecode.swift; path = SceneDelegate.swift; sourceTree = "<group>"; };
		ACFCBD082568B0C7008B0B28 /* ViewController.swift */ = {isa = PBXFileReference; lastKnownFileType = sourcecode.swift; path = ViewController.swift; sourceTree = "<group>"; };
		ACFCBD0B2568B0C7008B0B28 /* Base */ = {isa = PBXFileReference; lastKnownFileType = file.storyboard; name = Base; path = Base.lproj/Main.storyboard; sourceTree = "<group>"; };
		ACFCBD0D2568B0C8008B0B28 /* Assets.xcassets */ = {isa = PBXFileReference; lastKnownFileType = folder.assetcatalog; path = Assets.xcassets; sourceTree = "<group>"; };
		ACFCBD102568B0C8008B0B28 /* Base */ = {isa = PBXFileReference; lastKnownFileType = file.storyboard; name = Base; path = Base.lproj/LaunchScreen.storyboard; sourceTree = "<group>"; };
		ACFCBD122568B0C8008B0B28 /* Info.plist */ = {isa = PBXFileReference; lastKnownFileType = text.plist.xml; path = Info.plist; sourceTree = "<group>"; };
/* End PBXFileReference section */

/* Begin PBXFrameworksBuildPhase section */
		ACFCBCFE2568B0C7008B0B28 /* Frameworks */ = {
			isa = PBXFrameworksBuildPhase;
			buildActionMask = 2147483647;
			files = (
			);
			runOnlyForDeploymentPostprocessing = 0;
		};
/* End PBXFrameworksBuildPhase section */

/* Begin PBXGroup section */
		ACFCBCF82568B0C7008B0B28 = {
			isa = PBXGroup;
			children = (
				ACFCBD032568B0C7008B0B28 /* a211VCLife */,
				ACFCBD022568B0C7008B0B28 /* Products */,
			);
			sourceTree = "<group>";
		};
		ACFCBD022568B0C7008B0B28 /* Products */ = {
			isa = PBXGroup;
			children = (
				ACFCBD012568B0C7008B0B28 /* a211VCLife.app */,
			);
			name = Products;
			sourceTree = "<group>";
		};
		ACFCBD032568B0C7008B0B28 /* a211VCLife */ = {
			isa = PBXGroup;
			children = (
				ACFCBD042568B0C7008B0B28 /* AppDelegate.swift */,
				ACFCBD062568B0C7008B0B28 /* SceneDelegate.swift */,
				ACFCBD082568B0C7008B0B28 /* ViewController.swift */,
				ACFCBD0A2568B0C7008B0B28 /* Main.storyboard */,
				ACFCBD0D2568B0C8008B0B28 /* Assets.xcassets */,
				ACFCBD0F2568B0C8008B0B28 /* LaunchScreen.storyboard */,
				ACFCBD122568B0C8008B0B28 /* Info.plist */,
			);
			path = a211VCLife;
			sourceTree = "<group>";
		};
/* End PBXGroup section */

/* Begin PBXNativeTarget section */
		ACFCBD002568B0C7008B0B28 /* a211VCLife */ = {
			isa = PBXNativeTarget;
			buildConfigurationList = ACFCBD152568B0C8008B0B28 /* Build configuration list for PBXNativeTarget "a211VCLife" */;
			buildPhases = (
				ACFCBCFD2568B0C7008B0B28 /* Sources */,
				ACFCBCFE2568B0C7008B0B28 /* Frameworks */,
				ACFCBCFF2568B0C7008B0B28 /* Resources */,
			);
			buildRules = (
			);
			dependencies = (
			);
			name = a211VCLife;
			productName = a211VCLife;
			productReference = ACFCBD012568B0C7008B0B28 /* a211VCLife.app */;
			productType = "com.apple.product-type.application";
		};
/* End PBXNativeTarget section */

/* Begin PBXProject section */
		ACFCBCF92568B0C7008B0B28 /* Project object */ = {
			isa = PBXProject;
			attributes = {
				LastSwiftUpdateCheck = 1220;
				LastUpgradeCheck = 1220;
				TargetAttributes = {
					ACFCBD002568B0C7008B0B28 = {
						CreatedOnToolsVersion = 12.2;
					};
				};
			};
			buildConfigurationList = ACFCBCFC2568B0C7008B0B28 /* Build configuration list for PBXProject "a211VCLife" */;
			compatibilityVersion = "Xcode 9.3";
			developmentRegion = en;
			hasScannedForEncodings = 0;
			knownRegions = (
				en,
				Base,
			);
			mainGroup = ACFCBCF82568B0C7008B0B28;
			productRefGroup = ACFCBD022568B0C7008B0B28 /* Products */;
			projectDirPath = "";
			projectRoot = "";
			targets = (
				ACFCBD002568B0C7008B0B28 /* a211VCLife */,
			);
		};
/* End PBXProject section */

/* Begin PBXResourcesBuildPhase section */
		ACFCBCFF2568B0C7008B0B28 /* Resources */ = {
			isa = PBXResourcesBuildPhase;
			buildActionMask = 2147483647;
			files = (
				ACFCBD112568B0C8008B0B28 /* LaunchScreen.storyboard in Resources */,
				ACFCBD0E2568B0C8008B0B28 /* Assets.xcassets in Resources */,
				ACFCBD0C2568B0C7008B0B28 /* Main.storyboard in Resources */,
			);
			runOnlyForDeploymentPostprocessing = 0;
		};
/* End PBXResourcesBuildPhase section */

/* Begin PBXSourcesBuildPhase section */
		ACFCBCFD2568B0C7008B0B28 /* Sources */ = {
			isa = PBXSourcesBuildPhase;
			buildActionMask = 2147483647;
			files = (
				ACFCBD092568B0C7008B0B28 /* ViewController.swift in Sources */,
				ACFCBD052568B0C7008B0B28 /* AppDelegate.swift in Sources */,
				ACFCBD072568B0C7008B0B28 /* SceneDelegate.swift in Sources */,
			);
			runOnlyForDeploymentPostprocessing = 0;
		};
/* End PBXSourcesBuildPhase section */

/* Begin PBXVariantGroup section */
		ACFCBD0A2568B0C7008B0B28 /* Main.storyboard */ = {
			isa = PBXVariantGroup;
			children = (
				ACFCBD0B2568B0C7008B0B28 /* Base */,
			);
			name = Main.storyboard;
			sourceTree = "<group>";
		};
		ACFCBD0F2568B0C8008B0B28 /* LaunchScreen.storyboard */ = {
			isa = PBXVariantGroup;
			children = (
				ACFCBD102568B0C8008B0B28 /* Base */,
			);
			name = LaunchScreen.storyboard;
			sourceTree = "<group>";
		};
/* End PBXVariantGroup section */

/* Begin XCBuildConfiguration section */
		ACFCBD132568B0C8008B0B28 /* Debug */ = {
			isa = XCBuildConfiguration;
			buildSettings = {
				ALWAYS_SEARCH_USER_PATHS = NO;
				CLANG_ANALYZER_NONNULL = YES;
				CLANG_ANALYZER_NUMBER_OBJECT_CONVERSION = YES_AGGRESSIVE;
				CLANG_CXX_LANGUAGE_STANDARD = "gnu++14";
				CLANG_CXX_LIBRARY = "libc++";
				CLANG_ENABLE_MODULES = YES;
				CLANG_ENABLE_OBJC_ARC = YES;
				CLANG_ENABLE_OBJC_WEAK = YES;
				CLANG_WARN_BLOCK_CAPTURE_AUTORELEASING = YES;
				CLANG_WARN_BOOL_CONVERSION = YES;
				CLANG_WARN_COMMA = YES;
				CLANG_WARN_CONSTANT_CONVERSION = YES;
				CLANG_WARN_DEPRECATED_OBJC_IMPLEMENTATIONS = YES;
				CLANG_WARN_DIRECT_OBJC_ISA_USAGE = YES_ERROR;
				CLANG_WARN_DOCUMENTATION_COMMENTS = YES;
				CLANG_WARN_EMPTY_BODY = YES;
				CLANG_WARN_ENUM_CONVERSION = YES;
				CLANG_WARN_INFINITE_RECURSION = YES;
				CLANG_WARN_INT_CONVERSION = YES;
				CLANG_WARN_NON_LITERAL_NULL_CONVERSION = YES;
				CLANG_WARN_OBJC_IMPLICIT_RETAIN_SELF = YES;
				CLANG_WARN_OBJC_LITERAL_CONVERSION = YES;
				CLANG_WARN_OBJC_ROOT_CLASS = YES_ERROR;
				CLANG_WARN_QUOTED_INCLUDE_IN_FRAMEWORK_HEADER = YES;
				CLANG_WARN_RANGE_LOOP_ANALYSIS = YES;
				CLANG_WARN_STRICT_PROTOTYPES = YES;
				CLANG_WARN_SUSPICIOUS_MOVE = YES;
				CLANG_WARN_UNGUARDED_AVAILABILITY = YES_AGGRESSIVE;
				CLANG_WARN_UNREACHABLE_CODE = YES;
				CLANG_WARN__DUPLICATE_METHOD_MATCH = YES;
				COPY_PHASE_STRIP = NO;
				DEBUG_INFORMATION_FORMAT = dwarf;
				ENABLE_STRICT_OBJC_MSGSEND = YES;
				ENABLE_TESTABILITY = YES;
				GCC_C_LANGUAGE_STANDARD = gnu11;
				GCC_DYNAMIC_NO_PIC = NO;
				GCC_NO_COMMON_BLOCKS = YES;
				GCC_OPTIMIZATION_LEVEL = 0;
				GCC_PREPROCESSOR_DEFINITIONS = (
					"DEBUG=1",
					"$(inherited)",
				);
				GCC_WARN_64_TO_32_BIT_CONVERSION = YES;
				GCC_WARN_ABOUT_RETURN_TYPE = YES_ERROR;
				GCC_WARN_UNDECLARED_SELECTOR = YES;
				GCC_WARN_UNINITIALIZED_AUTOS = YES_AGGRESSIVE;
				GCC_WARN_UNUSED_FUNCTION = YES;
				GCC_WARN_UNUSED_VARIABLE = YES;
				IPHONEOS_DEPLOYMENT_TARGET = 14.2;
				MTL_ENABLE_DEBUG_INFO = INCLUDE_SOURCE;
				MTL_FAST_MATH = YES;
				ONLY_ACTIVE_ARCH = YES;
				SDKROOT = iphoneos;
				SWIFT_ACTIVE_COMPILATION_CONDITIONS = DEBUG;
				SWIFT_OPTIMIZATION_LEVEL = "-Onone";
			};
			name = Debug;
		};
		ACFCBD142568B0C8008B0B28 /* Release */ = {
			isa = XCBuildConfiguration;
			buildSettings = {
				ALWAYS_SEARCH_USER_PATHS = NO;
				CLANG_ANALYZER_NONNULL = YES;
				CLANG_ANALYZER_NUMBER_OBJECT_CONVERSION = YES_AGGRESSIVE;
				CLANG_CXX_LANGUAGE_STANDARD = "gnu++14";
				CLANG_CXX_LIBRARY = "libc++";
				CLANG_ENABLE_MODULES = YES;
				CLANG_ENABLE_OBJC_ARC = YES;
				CLANG_ENABLE_OBJC_WEAK = YES;
				CLANG_WARN_BLOCK_CAPTURE_AUTORELEASING = YES;
				CLANG_WARN_BOOL_CONVERSION = YES;
				CLANG_WARN_COMMA = YES;
				CLANG_WARN_CONSTANT_CONVERSION = YES;
				CLANG_WARN_DEPRECATED_OBJC_IMPLEMENTATIONS = YES;
				CLANG_WARN_DIRECT_OBJC_ISA_USAGE = YES_ERROR;
				CLANG_WARN_DOCUMENTATION_COMMENTS = YES;
				CLANG_WARN_EMPTY_BODY = YES;
				CLANG_WARN_ENUM_CONVERSION = YES;
				CLANG_WARN_INFINITE_RECURSION = YES;
				CLANG_WARN_INT_CONVERSION = YES;
				CLANG_WARN_NON_LITERAL_NULL_CONVERSION = YES;
				CLANG_WARN_OBJC_IMPLICIT_RETAIN_SELF = YES;
				CLANG_WARN_OBJC_LITERAL_CONVERSION = YES;
				CLANG_WARN_OBJC_ROOT_CLASS = YES_ERROR;
				CLANG_WARN_QUOTED_INCLUDE_IN_FRAMEWORK_HEADER = YES;
				CLANG_WARN_RANGE_LOOP_ANALYSIS = YES;
				CLANG_WARN_STRICT_PROTOTYPES = YES;
				CLANG_WARN_SUSPICIOUS_MOVE = YES;
				CLANG_WARN_UNGUARDED_AVAILABILITY = YES_AGGRESSIVE;
				CLANG_WARN_UNREACHABLE_CODE = YES;
				CLANG_WARN__DUPLICATE_METHOD_MATCH = YES;
				COPY_PHASE_STRIP = NO;
				DEBUG_INFORMATION_FORMAT = "dwarf-with-dsym";
				ENABLE_NS_ASSERTIONS = NO;
				ENABLE_STRICT_OBJC_MSGSEND = YES;
				GCC_C_LANGUAGE_STANDARD = gnu11;
				GCC_NO_COMMON_BLOCKS = YES;
				GCC_WARN_64_TO_32_BIT_CONVERSION = YES;
				GCC_WARN_ABOUT_RETURN_TYPE = YES_ERROR;
				GCC_WARN_UNDECLARED_SELECTOR = YES;
				GCC_WARN_UNINITIALIZED_AUTOS = YES_AGGRESSIVE;
				GCC_WARN_UNUSED_FUNCTION = YES;
				GCC_WARN_UNUSED_VARIABLE = YES;
				IPHONEOS_DEPLOYMENT_TARGET = 14.2;
				MTL_ENABLE_DEBUG_INFO = NO;
				MTL_FAST_MATH = YES;
				SDKROOT = iphoneos;
				SWIFT_COMPILATION_MODE = wholemodule;
				SWIFT_OPTIMIZATION_LEVEL = "-O";
				VALIDATE_PRODUCT = YES;
			};
			name = Release;
		};
		ACFCBD162568B0C8008B0B28 /* Debug */ = {
			isa = XCBuildConfiguration;
			buildSettings = {
				ASSETCATALOG_COMPILER_APPICON_NAME = AppIcon;
				ASSETCATALOG_COMPILER_GLOBAL_ACCENT_COLOR_NAME = AccentColor;
				CODE_SIGN_STYLE = Automatic;
				DEVELOPMENT_TEAM = D5BL2AKSDV;
				INFOPLIST_FILE = a211VCLife/Info.plist;
				LD_RUNPATH_SEARCH_PATHS = (
					"$(inherited)",
					"@executable_path/Frameworks",
				);
				PRODUCT_BUNDLE_IDENTIFIER = Weifan.com.tw.a211VCLife;
				PRODUCT_NAME = "$(TARGET_NAME)";
				SWIFT_VERSION = 5.0;
				TARGETED_DEVICE_FAMILY = "1,2";
			};
			name = Debug;
		};
		ACFCBD172568B0C8008B0B28 /* Release */ = {
			isa = XCBuildConfiguration;
			buildSettings = {
				ASSETCATALOG_COMPILER_APPICON_NAME = AppIcon;
				ASSETCATALOG_COMPILER_GLOBAL_ACCENT_COLOR_NAME = AccentColor;
				CODE_SIGN_STYLE = Automatic;
				DEVELOPMENT_TEAM = D5BL2AKSDV;
				INFOPLIST_FILE = a211VCLife/Info.plist;
				LD_RUNPATH_SEARCH_PATHS = (
					"$(inherited)",
					"@executable_path/Frameworks",
				);
				PRODUCT_BUNDLE_IDENTIFIER = Weifan.com.tw.a211VCLife;
				PRODUCT_NAME = "$(TARGET_NAME)";
				SWIFT_VERSION = 5.0;
				TARGETED_DEVICE_FAMILY = "1,2";
			};
			name = Release;
		};
/* End XCBuildConfiguration section */

/* Begin XCConfigurationList section */
		ACFCBCFC2568B0C7008B0B28 /* Build configuration list for PBXProject "a211VCLife" */ = {
			isa = XCConfigurationList;
			buildConfigurations = (
				ACFCBD132568B0C8008B0B28 /* Debug */,
				ACFCBD142568B0C8008B0B28 /* Release */,
			);
			defaultConfigurationIsVisible = 0;
			defaultConfigurationName = Release;
		};
		ACFCBD152568B0C8008B0B28 /* Build configuration list for PBXNativeTarget "a211VCLife" */ = {
			isa = XCConfigurationList;
			buildConfigurations = (
				ACFCBD162568B0C8008B0B28 /* Debug */,
				ACFCBD172568B0C8008B0B28 /* Release */,
			);
			defaultConfigurationIsVisible = 0;
			defaultConfigurationName = Release;
		};
/* End XCConfigurationList section */
	};
	rootObject = ACFCBCF92568B0C7008B0B28 /* Project object */;
}
